
Microsoft Visual Studio Solution File, Format Version 12.00
# Visual Studio Version 16
VisualStudioVersion = 16.0.32602.291
MinimumVisualStudioVersion = 10.0.40219.1
Project("{FAE04EC0-301F-11D3-BF4B-00C04F79EFBC}") = "DatingApp.API", "DatingApp.API.csproj", "{269AC461-DDE7-4F97-BB97-FB877F889137}"
EndProject
Global
	GlobalSection(SolutionConfigurationPlatforms) = preSolution
		Debug|Any CPU = Debug|Any CPU
		Release|Any CPU = Release|Any CPU
	EndGlobalSection
	GlobalSection(ProjectConfigurationPlatforms) = postSolution
		{269AC461-DDE7-4F97-BB97-FB877F889137}.Debug|Any CPU.ActiveCfg = Debug|Any CPU
		{269AC461-DDE7-4F97-BB97-FB877F889137}.Debug|Any CPU.Build.0 = Debug|Any CPU
		{269AC461-DDE7-4F97-BB97-FB877F889137}.Release|Any CPU.ActiveCfg = Release|Any CPU
		{269AC461-DDE7-4F97-BB97-FB877F889137}.Release|Any CPU.Build.0 = Release|Any CPU
	EndGlobalSection
	GlobalSection(SolutionProperties) = preSolution
		HideSolutionNode = FALSE
	EndGlobalSection
	GlobalSection(ExtensibilityGlobals) = postSolution
		SolutionGuid = {39873F8A-5A8A-4EF4-9EBC-1AB1B9DE7D43}
	EndGlobalSection
EndGlobal
